
Microsoft Visual Studio Solution File, Format Version 12.00
# Visual Studio Version 17
VisualStudioVersion = 17.3.32825.248
MinimumVisualStudioVersion = 10.0.40219.1
Project("{8BC9CEB8-8B4A-11D0-8D11-00A0C91BC942}") = "BOJ_22155", "BOJ_22155.vcxproj", "{934D0D7B-6A0C-4E1A-BDDC-C6B9A771EA0D}"
EndProject
Global
	GlobalSection(SolutionConfigurationPlatforms) = preSolution
		Debug|x64 = Debug|x64
		Release|x64 = Release|x64
	EndGlobalSection
	GlobalSection(ProjectConfigurationPlatforms) = postSolution
		{934D0D7B-6A0C-4E1A-BDDC-C6B9A771EA0D}.Debug|x64.ActiveCfg = Debug|x64
		{934D0D7B-6A0C-4E1A-BDDC-C6B9A771EA0D}.Debug|x64.Build.0 = Debug|x64
		{934D0D7B-6A0C-4E1A-BDDC-C6B9A771EA0D}.Release|x64.ActiveCfg = Release|x64
		{934D0D7B-6A0C-4E1A-BDDC-C6B9A771EA0D}.Release|x64.Build.0 = Release|x64
	EndGlobalSection
	GlobalSection(SolutionProperties) = preSolution
		HideSolutionNode = FALSE
	EndGlobalSection
	GlobalSection(ExtensibilityGlobals) = postSolution
		SolutionGuid = {4877013E-4323-49AE-B413-F61363EA7BB4}
	EndGlobalSection
EndGlobal
